{
    "_meta": {
        "hash": {
            "sha256": "7585f16b11761b6341733e5b3e6e2813fababb288e4e8d899ebaf8774d8cc992"
        },
        "pipfile-spec": 6,
        "requires": {
            "python_version": "3.8"
        },
        "sources": [
            {
                "name": "pypi",
                "url": "https://pypi.org/simple",
                "verify_ssl": true
            }
        ]
    },
    "default": {},
    "develop": {}
}
